
Microsoft Visual Studio Solution File, Format Version 12.00
# Visual Studio 15
VisualStudioVersion = 15.0.28010.2036
MinimumVisualStudioVersion = 10.0.40219.1
Project("{8BC9CEB8-8B4A-11D0-8D11-00A0C91BC942}") = "sokobanConsole", "sokobanConsole\sokobanConsole.vcxproj", "{BAEC759E-F2D5-4D3B-8B94-CA4CBA01BF4F}"
EndProject
Global
	GlobalSection(SolutionConfigurationPlatforms) = preSolution
		Debug|x64 = Debug|x64
		Debug|x86 = Debug|x86
		Release|x64 = Release|x64
		Release|x86 = Release|x86
	EndGlobalSection
	GlobalSection(ProjectConfigurationPlatforms) = postSolution
		{BAEC759E-F2D5-4D3B-8B94-CA4CBA01BF4F}.Debug|x64.ActiveCfg = Debug|x64
		{BAEC759E-F2D5-4D3B-8B94-CA4CBA01BF4F}.Debug|x64.Build.0 = Debug|x64
		{BAEC759E-F2D5-4D3B-8B94-CA4CBA01BF4F}.Debug|x86.ActiveCfg = Debug|Win32
		{BAEC759E-F2D5-4D3B-8B94-CA4CBA01BF4F}.Debug|x86.Build.0 = Debug|Win32
		{BAEC759E-F2D5-4D3B-8B94-CA4CBA01BF4F}.Release|x64.ActiveCfg = Release|x64
		{BAEC759E-F2D5-4D3B-8B94-CA4CBA01BF4F}.Release|x64.Build.0 = Release|x64
		{BAEC759E-F2D5-4D3B-8B94-CA4CBA01BF4F}.Release|x86.ActiveCfg = Release|Win32
		{BAEC759E-F2D5-4D3B-8B94-CA4CBA01BF4F}.Release|x86.Build.0 = Release|Win32
	EndGlobalSection
	GlobalSection(SolutionProperties) = preSolution
		HideSolutionNode = FALSE
	EndGlobalSection
	GlobalSection(ExtensibilityGlobals) = postSolution
		SolutionGuid = {12FE0A74-BDAB-441A-99B7-6C4CE57723D9}
	EndGlobalSection
EndGlobal
